
Microsoft Visual Studio Solution File, Format Version 12.00
# Visual Studio Version 17
VisualStudioVersion = 17.5.33516.290
MinimumVisualStudioVersion = 10.0.40219.1
Project("{FAE04EC0-301F-11D3-BF4B-00C04F79EFBC}") = "BulkyBookWeb", "BulkyBookWeb\BulkyBookWeb.csproj", "{0B2784F8-F741-441C-B5DF-D2DE88B5D2F3}"
EndProject
Global
	GlobalSection(SolutionConfigurationPlatforms) = preSolution
		Debug|Any CPU = Debug|Any CPU
		Release|Any CPU = Release|Any CPU
	EndGlobalSection
	GlobalSection(ProjectConfigurationPlatforms) = postSolution
		{0B2784F8-F741-441C-B5DF-D2DE88B5D2F3}.Debug|Any CPU.ActiveCfg = Debug|Any CPU
		{0B2784F8-F741-441C-B5DF-D2DE88B5D2F3}.Debug|Any CPU.Build.0 = Debug|Any CPU
		{0B2784F8-F741-441C-B5DF-D2DE88B5D2F3}.Release|Any CPU.ActiveCfg = Release|Any CPU
		{0B2784F8-F741-441C-B5DF-D2DE88B5D2F3}.Release|Any CPU.Build.0 = Release|Any CPU
	EndGlobalSection
	GlobalSection(SolutionProperties) = preSolution
		HideSolutionNode = FALSE
	EndGlobalSection
	GlobalSection(ExtensibilityGlobals) = postSolution
		SolutionGuid = {E99E0F41-0FC1-44FF-BBA4-4FB15D5DDC56}
	EndGlobalSection
EndGlobal
